{
    "_meta": {
        "hash": {
            "sha256": "1b14d152b32c360537bbb8d386c1d3b7e912f8e5a7f665cecd0f4a89b6c2be2e"
        },
        "requires": {},
        "sources": [
            {
                "name": "pypi",
                "url": "https://pypi.python.org/simple",
                "verify_ssl": true
            }
        ]
    },
    "default": {
        "certifi": {
            "version": "==2017.11.5"
        },
        "chardet": {
            "version": "==3.0.4"
        },
        "click": {
            "version": "==6.7"
        },
        "flask": {
            "version": "==0.12.2"
        },
        "idna": {
            "version": "==2.6"
        },
        "itsdangerous": {
            "version": "==0.24"
        },
        "jinja2": {
            "version": "==2.10"
        },
        "markupsafe": {
            "version": "==1.0"
        },
        "requests": {
            "version": "==2.18.4"
        },
        "setuptools": {
            "version": "==38.2.4"
        },
        "six": {
            "version": "==1.11.0"
        },
        "urllib3": {
            "version": "==1.22"
        },
        "werkzeug": {
            "version": "==0.13"
        }
    },
    "develop": {}
}
